
Microsoft Visual Studio Solution File, Format Version 12.00
# Visual Studio Version 17
VisualStudioVersion = 17.14.37216.2 d17.14
MinimumVisualStudioVersion = 10.0.40219.1
Project("{FAE04EC0-301F-11D3-BF4B-00C04F79EFBC}") = "lab8_aspnet", "lab8_aspnet\lab8_aspnet.csproj", "{984FB90E-8028-4F48-ADA1-9B88428513F5}"
EndProject
Global
	GlobalSection(SolutionConfigurationPlatforms) = preSolution
		Debug|Any CPU = Debug|Any CPU
		Release|Any CPU = Release|Any CPU
	EndGlobalSection
	GlobalSection(ProjectConfigurationPlatforms) = postSolution
		{984FB90E-8028-4F48-ADA1-9B88428513F5}.Debug|Any CPU.ActiveCfg = Debug|Any CPU
		{984FB90E-8028-4F48-ADA1-9B88428513F5}.Debug|Any CPU.Build.0 = Debug|Any CPU
		{984FB90E-8028-4F48-ADA1-9B88428513F5}.Release|Any CPU.ActiveCfg = Release|Any CPU
		{984FB90E-8028-4F48-ADA1-9B88428513F5}.Release|Any CPU.Build.0 = Release|Any CPU
	EndGlobalSection
	GlobalSection(SolutionProperties) = preSolution
		HideSolutionNode = FALSE
	EndGlobalSection
	GlobalSection(ExtensibilityGlobals) = postSolution
		SolutionGuid = {5611E6FC-58A7-4646-9FFF-51137F4FD323}
	EndGlobalSection
EndGlobal
